// !$*UTF8*$!
{
	archiveVersion = 1;
	classes = {
	};
	objectVersion = 46;
	objects = {

/* Begin PBXBuildFile section */
		68A739651A82B4F500161A01 /* main.m in Sources */ = {isa = PBXBuildFile; fileRef = 68A739641A82B4F500161A01 /* main.m */; };
		68A739681A82B4F500161A01 /* AppDelegate.m in Sources */ = {isa = PBXBuildFile; fileRef = 68A739671A82B4F500161A01 /* AppDelegate.m */; };
		68A7396B1A82B4F500161A01 /* ViewController.m in Sources */ = {isa = PBXBuildFile; fileRef = 68A7396A1A82B4F500161A01 /* ViewController.m */; };
		68A7396E1A82B4F500161A01 /* Main.storyboard in Resources */ = {isa = PBXBuildFile; fileRef = 68A7396C1A82B4F500161A01 /* Main.storyboard */; };
		68A739701A82B4F500161A01 /* Images.xcassets in Resources */ = {isa = PBXBuildFile; fileRef = 68A7396F1A82B4F500161A01 /* Images.xcassets */; };
		68A739731A82B4F500161A01 /* LaunchScreen.xib in Resources */ = {isa = PBXBuildFile; fileRef = 68A739711A82B4F500161A01 /* LaunchScreen.xib */; };
		68A7397F1A82B4F500161A01 /* PairRandomizerTests.m in Sources */ = {isa = PBXBuildFile; fileRef = 68A7397E1A82B4F500161A01 /* PairRandomizerTests.m */; };
/* End PBXBuildFile section */

/* Begin PBXContainerItemProxy section */
		68A739791A82B4F500161A01 /* PBXContainerItemProxy */ = {
			isa = PBXContainerItemProxy;
			containerPortal = 68A739571A82B4F500161A01 /* Project object */;
			proxyType = 1;
			remoteGlobalIDString = 68A7395E1A82B4F500161A01;
			remoteInfo = PairRandomizer;
		};
/* End PBXContainerItemProxy section */

/* Begin PBXFileReference section */
		68A7395F1A82B4F500161A01 /* PairRandomizer.app */ = {isa = PBXFileReference; explicitFileType = wrapper.application; includeInIndex = 0; path = PairRandomizer.app; sourceTree = BUILT_PRODUCTS_DIR; };
		68A739631A82B4F500161A01 /* Info.plist */ = {isa = PBXFileReference; lastKnownFileType = text.plist.xml; path = Info.plist; sourceTree = "<group>"; };
		68A739641A82B4F500161A01 /* main.m */ = {isa = PBXFileReference; lastKnownFileType = sourcecode.c.objc; path = main.m; sourceTree = "<group>"; };
		68A739661A82B4F500161A01 /* AppDelegate.h */ = {isa = PBXFileReference; lastKnownFileType = sourcecode.c.h; path = AppDelegate.h; sourceTree = "<group>"; };
		68A739671A82B4F500161A01 /* AppDelegate.m */ = {isa = PBXFileReference; lastKnownFileType = sourcecode.c.objc; path = AppDelegate.m; sourceTree = "<group>"; };
		68A739691A82B4F500161A01 /* ViewController.h */ = {isa = PBXFileReference; lastKnownFileType = sourcecode.c.h; path = ViewController.h; sourceTree = "<group>"; };
		68A7396A1A82B4F500161A01 /* ViewController.m */ = {isa = PBXFileReference; lastKnownFileType = sourcecode.c.objc; path = ViewController.m; sourceTree = "<group>"; };
		68A7396D1A82B4F500161A01 /* Base */ = {isa = PBXFileReference; lastKnownFileType = file.storyboard; name = Base; path = Base.lproj/Main.storyboard; sourceTree = "<group>"; };
		68A7396F1A82B4F500161A01 /* Images.xcassets */ = {isa = PBXFileReference; lastKnownFileType = folder.assetcatalog; path = Images.xcassets; sourceTree = "<group>"; };
		68A739721A82B4F500161A01 /* Base */ = {isa = PBXFileReference; lastKnownFileType = file.xib; name = Base; path = Base.lproj/LaunchScreen.xib; sourceTree = "<group>"; };
		68A739781A82B4F500161A01 /* PairRandomizerTests.xctest */ = {isa = PBXFileReference; explicitFileType = wrapper.cfbundle; includeInIndex = 0; path = PairRandomizerTests.xctest; sourceTree = BUILT_PRODUCTS_DIR; };
		68A7397D1A82B4F500161A01 /* Info.plist */ = {isa = PBXFileReference; lastKnownFileType = text.plist.xml; path = Info.plist; sourceTree = "<group>"; };
		68A7397E1A82B4F500161A01 /* PairRandomizerTests.m */ = {isa = PBXFileReference; lastKnownFileType = sourcecode.c.objc; path = PairRandomizerTests.m; sourceTree = "<group>"; };
/* End PBXFileReference section */

/* Begin PBXFrameworksBuildPhase section */
		68A7395C1A82B4F500161A01 /* Frameworks */ = {
			isa = PBXFrameworksBuildPhase;
			buildActionMask = 2147483647;
			files = (
			);
			runOnlyForDeploymentPostprocessing = 0;
		};
		68A739751A82B4F500161A01 /* Frameworks */ = {
			isa = PBXFrameworksBuildPhase;
			buildActionMask = 2147483647;
			files = (
			);
			runOnlyForDeploymentPostprocessing = 0;
		};
/* End PBXFrameworksBuildPhase section */

/* Begin PBXGroup section */
		68A739561A82B4F500161A01 = {
			isa = PBXGroup;
			children = (
				68A739611A82B4F500161A01 /* PairRandomizer */,
				68A7397B1A82B4F500161A01 /* PairRandomizerTests */,
				68A739601A82B4F500161A01 /* Products */,
			);
			sourceTree = "<group>";
		};
		68A739601A82B4F500161A01 /* Products */ = {
			isa = PBXGroup;
			children = (
				68A7395F1A82B4F500161A01 /* PairRandomizer.app */,
				68A739781A82B4F500161A01 /* PairRandomizerTests.xctest */,
			);
			name = Products;
			sourceTree = "<group>";
		};
		68A739611A82B4F500161A01 /* PairRandomizer */ = {
			isa = PBXGroup;
			children = (
				68A739661A82B4F500161A01 /* AppDelegate.h */,
				68A739671A82B4F500161A01 /* AppDelegate.m */,
				68A739691A82B4F500161A01 /* ViewController.h */,
				68A7396A1A82B4F500161A01 /* ViewController.m */,
				68A7396C1A82B4F500161A01 /* Main.storyboard */,
				68A7396F1A82B4F500161A01 /* Images.xcassets */,
				68A739711A82B4F500161A01 /* LaunchScreen.xib */,
				68A739621A82B4F500161A01 /* Supporting Files */,
			);
			path = PairRandomizer;
			sourceTree = "<group>";
		};
		68A739621A82B4F500161A01 /* Supporting Files */ = {
			isa = PBXGroup;
			children = (
				68A739631A82B4F500161A01 /* Info.plist */,
				68A739641A82B4F500161A01 /* main.m */,
			);
			name = "Supporting Files";
			sourceTree = "<group>";
		};
		68A7397B1A82B4F500161A01 /* PairRandomizerTests */ = {
			isa = PBXGroup;
			children = (
				68A7397E1A82B4F500161A01 /* PairRandomizerTests.m */,
				68A7397C1A82B4F500161A01 /* Supporting Files */,
			);
			path = PairRandomizerTests;
			sourceTree = "<group>";
		};
		68A7397C1A82B4F500161A01 /* Supporting Files */ = {
			isa = PBXGroup;
			children = (
				68A7397D1A82B4F500161A01 /* Info.plist */,
			);
			name = "Supporting Files";
			sourceTree = "<group>";
		};
/* End PBXGroup section */

/* Begin PBXNativeTarget section */
		68A7395E1A82B4F500161A01 /* PairRandomizer */ = {
			isa = PBXNativeTarget;
			buildConfigurationList = 68A739821A82B4F500161A01 /* Build configuration list for PBXNativeTarget "PairRandomizer" */;
			buildPhases = (
				68A7395B1A82B4F500161A01 /* Sources */,
				68A7395C1A82B4F500161A01 /* Frameworks */,
				68A7395D1A82B4F500161A01 /* Resources */,
			);
			buildRules = (
			);
			dependencies = (
			);
			name = PairRandomizer;
			productName = PairRandomizer;
			productReference = 68A7395F1A82B4F500161A01 /* PairRandomizer.app */;
			productType = "com.apple.product-type.application";
		};
		68A739771A82B4F500161A01 /* PairRandomizerTests */ = {
			isa = PBXNativeTarget;
			buildConfigurationList = 68A739851A82B4F500161A01 /* Build configuration list for PBXNativeTarget "PairRandomizerTests" */;
			buildPhases = (
				68A739741A82B4F500161A01 /* Sources */,
				68A739751A82B4F500161A01 /* Frameworks */,
				68A739761A82B4F500161A01 /* Resources */,
			);
			buildRules = (
			);
			dependencies = (
				68A7397A1A82B4F500161A01 /* PBXTargetDependency */,
			);
			name = PairRandomizerTests;
			productName = PairRandomizerTests;
			productReference = 68A739781A82B4F500161A01 /* PairRandomizerTests.xctest */;
			productType = "com.apple.product-type.bundle.unit-test";
		};
/* End PBXNativeTarget section */

/* Begin PBXProject section */
		68A739571A82B4F500161A01 /* Project object */ = {
			isa = PBXProject;
			attributes = {
				LastUpgradeCheck = 0610;
				ORGANIZATIONNAME = DevMountain;
				TargetAttributes = {
					68A7395E1A82B4F500161A01 = {
						CreatedOnToolsVersion = 6.1.1;
					};
					68A739771A82B4F500161A01 = {
						CreatedOnToolsVersion = 6.1.1;
						TestTargetID = 68A7395E1A82B4F500161A01;
					};
				};
			};
			buildConfigurationList = 68A7395A1A82B4F500161A01 /* Build configuration list for PBXProject "PairRandomizer" */;
			compatibilityVersion = "Xcode 3.2";
			developmentRegion = English;
			hasScannedForEncodings = 0;
			knownRegions = (
				en,
				Base,
			);
			mainGroup = 68A739561A82B4F500161A01;
			productRefGroup = 68A739601A82B4F500161A01 /* Products */;
			projectDirPath = "";
			projectRoot = "";
			targets = (
				68A7395E1A82B4F500161A01 /* PairRandomizer */,
				68A739771A82B4F500161A01 /* PairRandomizerTests */,
			);
		};
/* End PBXProject section */

/* Begin PBXResourcesBuildPhase section */
		68A7395D1A82B4F500161A01 /* Resources */ = {
			isa = PBXResourcesBuildPhase;
			buildActionMask = 2147483647;
			files = (
				68A7396E1A82B4F500161A01 /* Main.storyboard in Resources */,
				68A739731A82B4F500161A01 /* LaunchScreen.xib in Resources */,
				68A739701A82B4F500161A01 /* Images.xcassets in Resources */,
			);
			runOnlyForDeploymentPostprocessing = 0;
		};
		68A739761A82B4F500161A01 /* Resources */ = {
			isa = PBXResourcesBuildPhase;
			buildActionMask = 2147483647;
			files = (
			);
			runOnlyForDeploymentPostprocessing = 0;
		};
/* End PBXResourcesBuildPhase section */

/* Begin PBXSourcesBuildPhase section */
		68A7395B1A82B4F500161A01 /* Sources */ = {
			isa = PBXSourcesBuildPhase;
			buildActionMask = 2147483647;
			files = (
				68A7396B1A82B4F500161A01 /* ViewController.m in Sources */,
				68A739681A82B4F500161A01 /* AppDelegate.m in Sources */,
				68A739651A82B4F500161A01 /* main.m in Sources */,
			);
			runOnlyForDeploymentPostprocessing = 0;
		};
		68A739741A82B4F500161A01 /* Sources */ = {
			isa = PBXSourcesBuildPhase;
			buildActionMask = 2147483647;
			files = (
				68A7397F1A82B4F500161A01 /* PairRandomizerTests.m in Sources */,
			);
			runOnlyForDeploymentPostprocessing = 0;
		};
/* End PBXSourcesBuildPhase section */

/* Begin PBXTargetDependency section */
		68A7397A1A82B4F500161A01 /* PBXTargetDependency */ = {
			isa = PBXTargetDependency;
			target = 68A7395E1A82B4F500161A01 /* PairRandomizer */;
			targetProxy = 68A739791A82B4F500161A01 /* PBXContainerItemProxy */;
		};
/* End PBXTargetDependency section */

/* Begin PBXVariantGroup section */
		68A7396C1A82B4F500161A01 /* Main.storyboard */ = {
			isa = PBXVariantGroup;
			children = (
				68A7396D1A82B4F500161A01 /* Base */,
			);
			name = Main.storyboard;
			sourceTree = "<group>";
		};
		68A739711A82B4F500161A01 /* LaunchScreen.xib */ = {
			isa = PBXVariantGroup;
			children = (
				68A739721A82B4F500161A01 /* Base */,
			);
			name = LaunchScreen.xib;
			sourceTree = "<group>";
		};
/* End PBXVariantGroup section */

/* Begin XCBuildConfiguration section */
		68A739801A82B4F500161A01 /* Debug */ = {
			isa = XCBuildConfiguration;
			buildSettings = {
				ALWAYS_SEARCH_USER_PATHS = NO;
				CLANG_CXX_LANGUAGE_STANDARD = "gnu++0x";
				CLANG_CXX_LIBRARY = "libc++";
				CLANG_ENABLE_MODULES = YES;
				CLANG_ENABLE_OBJC_ARC = YES;
				CLANG_WARN_BOOL_CONVERSION = YES;
				CLANG_WARN_CONSTANT_CONVERSION = YES;
				CLANG_WARN_DIRECT_OBJC_ISA_USAGE = YES_ERROR;
				CLANG_WARN_EMPTY_BODY = YES;
				CLANG_WARN_ENUM_CONVERSION = YES;
				CLANG_WARN_INT_CONVERSION = YES;
				CLANG_WARN_OBJC_ROOT_CLASS = YES_ERROR;
				CLANG_WARN_UNREACHABLE_CODE = YES;
				CLANG_WARN__DUPLICATE_METHOD_MATCH = YES;
				"CODE_SIGN_IDENTITY[sdk=iphoneos*]" = "iPhone Developer";
				COPY_PHASE_STRIP = NO;
				ENABLE_STRICT_OBJC_MSGSEND = YES;
				GCC_C_LANGUAGE_STANDARD = gnu99;
				GCC_DYNAMIC_NO_PIC = NO;
				GCC_OPTIMIZATION_LEVEL = 0;
				GCC_PREPROCESSOR_DEFINITIONS = (
					"DEBUG=1",
					"$(inherited)",
				);
				GCC_SYMBOLS_PRIVATE_EXTERN = NO;
				GCC_WARN_64_TO_32_BIT_CONVERSION = YES;
				GCC_WARN_ABOUT_RETURN_TYPE = YES_ERROR;
				GCC_WARN_UNDECLARED_SELECTOR = YES;
				GCC_WARN_UNINITIALIZED_AUTOS = YES_AGGRESSIVE;
				GCC_WARN_UNUSED_FUNCTION = YES;
				GCC_WARN_UNUSED_VARIABLE = YES;
				IPHONEOS_DEPLOYMENT_TARGET = 8.1;
				MTL_ENABLE_DEBUG_INFO = YES;
				ONLY_ACTIVE_ARCH = YES;
				SDKROOT = iphoneos;
			};
			name = Debug;
		};
		68A739811A82B4F500161A01 /* Release */ = {
			isa = XCBuildConfiguration;
			buildSettings = {
				ALWAYS_SEARCH_USER_PATHS = NO;
				CLANG_CXX_LANGUAGE_STANDARD = "gnu++0x";
				CLANG_CXX_LIBRARY = "libc++";
				CLANG_ENABLE_MODULES = YES;
				CLANG_ENABLE_OBJC_ARC = YES;
				CLANG_WARN_BOOL_CONVERSION = YES;
				CLANG_WARN_CONSTANT_CONVERSION = YES;
				CLANG_WARN_DIRECT_OBJC_ISA_USAGE = YES_ERROR;
				CLANG_WARN_EMPTY_BODY = YES;
				CLANG_WARN_ENUM_CONVERSION = YES;
				CLANG_WARN_INT_CONVERSION = YES;
				CLANG_WARN_OBJC_ROOT_CLASS = YES_ERROR;
				CLANG_WARN_UNREACHABLE_CODE = YES;
				CLANG_WARN__DUPLICATE_METHOD_MATCH = YES;
				"CODE_SIGN_IDENTITY[sdk=iphoneos*]" = "iPhone Developer";
				COPY_PHASE_STRIP = YES;
				ENABLE_NS_ASSERTIONS = NO;
				ENABLE_STRICT_OBJC_MSGSEND = YES;
				GCC_C_LANGUAGE_STANDARD = gnu99;
				GCC_WARN_64_TO_32_BIT_CONVERSION = YES;
				GCC_WARN_ABOUT_RETURN_TYPE = YES_ERROR;
				GCC_WARN_UNDECLARED_SELECTOR = YES;
				GCC_WARN_UNINITIALIZED_AUTOS = YES_AGGRESSIVE;
				GCC_WARN_UNUSED_FUNCTION = YES;
				GCC_WARN_UNUSED_VARIABLE = YES;
				IPHONEOS_DEPLOYMENT_TARGET = 8.1;
				MTL_ENABLE_DEBUG_INFO = NO;
				SDKROOT = iphoneos;
				VALIDATE_PRODUCT = YES;
			};
			name = Release;
		};
		68A739831A82B4F500161A01 /* Debug */ = {
			isa = XCBuildConfiguration;
			buildSettings = {
				ASSETCATALOG_COMPILER_APPICON_NAME = AppIcon;
				INFOPLIST_FILE = PairRandomizer/Info.plist;
				LD_RUNPATH_SEARCH_PATHS = "$(inherited) @executable_path/Frameworks";
				PRODUCT_NAME = "$(TARGET_NAME)";
			};
			name = Debug;
		};
		68A739841A82B4F500161A01 /* Release */ = {
			isa = XCBuildConfiguration;
			buildSettings = {
				ASSETCATALOG_COMPILER_APPICON_NAME = AppIcon;
				INFOPLIST_FILE = PairRandomizer/Info.plist;
				LD_RUNPATH_SEARCH_PATHS = "$(inherited) @executable_path/Frameworks";
				PRODUCT_NAME = "$(TARGET_NAME)";
			};
			name = Release;
		};
		68A739861A82B4F500161A01 /* Debug */ = {
			isa = XCBuildConfiguration;
			buildSettings = {
				BUNDLE_LOADER = "$(TEST_HOST)";
				FRAMEWORK_SEARCH_PATHS = (
					"$(SDKROOT)/Developer/Library/Frameworks",
					"$(inherited)",
				);
				GCC_PREPROCESSOR_DEFINITIONS = (
					"DEBUG=1",
					"$(inherited)",
				);
				INFOPLIST_FILE = PairRandomizerTests/Info.plist;
				LD_RUNPATH_SEARCH_PATHS = "$(inherited) @executable_path/Frameworks @loader_path/Frameworks";
				PRODUCT_NAME = "$(TARGET_NAME)";
				TEST_HOST = "$(BUILT_PRODUCTS_DIR)/PairRandomizer.app/PairRandomizer";
			};
			name = Debug;
		};
		68A739871A82B4F500161A01 /* Release */ = {
			isa = XCBuildConfiguration;
			buildSettings = {
				BUNDLE_LOADER = "$(TEST_HOST)";
				FRAMEWORK_SEARCH_PATHS = (
					"$(SDKROOT)/Developer/Library/Frameworks",
					"$(inherited)",
				);
				INFOPLIST_FILE = PairRandomizerTests/Info.plist;
				LD_RUNPATH_SEARCH_PATHS = "$(inherited) @executable_path/Frameworks @loader_path/Frameworks";
				PRODUCT_NAME = "$(TARGET_NAME)";
				TEST_HOST = "$(BUILT_PRODUCTS_DIR)/PairRandomizer.app/PairRandomizer";
			};
			name = Release;
		};
/* End XCBuildConfiguration section */

/* Begin XCConfigurationList section */
		68A7395A1A82B4F500161A01 /* Build configuration list for PBXProject "PairRandomizer" */ = {
			isa = XCConfigurationList;
			buildConfigurations = (
				68A739801A82B4F500161A01 /* Debug */,
				68A739811A82B4F500161A01 /* Release */,
			);
			defaultConfigurationIsVisible = 0;
			defaultConfigurationName = Release;
		};
		68A739821A82B4F500161A01 /* Build configuration list for PBXNativeTarget "PairRandomizer" */ = {
			isa = XCConfigurationList;
			buildConfigurations = (
				68A739831A82B4F500161A01 /* Debug */,
				68A739841A82B4F500161A01 /* Release */,
			);
			defaultConfigurationIsVisible = 0;
		};
		68A739851A82B4F500161A01 /* Build configuration list for PBXNativeTarget "PairRandomizerTests" */ = {
			isa = XCConfigurationList;
			buildConfigurations = (
				68A739861A82B4F500161A01 /* Debug */,
				68A739871A82B4F500161A01 /* Release */,
			);
			defaultConfigurationIsVisible = 0;
		};
/* End XCConfigurationList section */
	};
	rootObject = 68A739571A82B4F500161A01 /* Project object */;
}
